# THIS IS AN AUTOGENERATED FILE. DO NOT EDIT THIS FILE DIRECTLY.
# yarn lockfile v1


"@types/lodash@^4.14.66":
  version "4.14.66"
  resolved "https://registry.yarnpkg.com/@types/lodash/-/lodash-4.14.66.tgz#3dbb83477becf130611f8fac82a8fdb199805981"

"@types/node@^8.0.3":
  version "8.0.3"
  resolved "https://registry.yarnpkg.com/@types/node/-/node-8.0.3.tgz#fca61c26f83e5f453166114f57d53a47feb36d45"

lodash@^4.17.4:
  version "4.17.4"
  resolved "https://registry.yarnpkg.com/lodash/-/lodash-4.17.4.tgz#78203a4d1c328ae1d86dca6460e369b57f4055ae"

moment@^2.18.1:
  version "2.18.1"
  resolved "https://registry.yarnpkg.com/moment/-/moment-2.18.1.tgz#c36193dd3ce1c2eed2adb7c802dbbc77a81b1c0f"

typescript@^2.3.4:
  version "2.3.4"
  resolved "https://registry.yarnpkg.com/typescript/-/typescript-2.3.4.tgz#3d38321828231e434f287514959c37a82b629f42"
